// !$*UTF8*$!
{
	archiveVersion = 1;
	classes = {
	};
	objectVersion = 46;
	objects = {

/* Begin PBXAggregateTarget section */
		FFB028EA1666E00C00CED715 /* IQSerialization - Universal */ = {
			isa = PBXAggregateTarget;
			buildConfigurationList = FFB028ED1666E00C00CED715 /* Build configuration list for PBXAggregateTarget "IQSerialization - Universal" */;
			buildPhases = (
				FFB029081666E2DD00CED715 /* ShellScript */,
			);
			dependencies = (
			);
			name = "IQSerialization - Universal";
			productName = "IQSerialization - Universal";
		};
/* End PBXAggregateTarget section */

/* Begin PBXBuildFile section */
		FF0284651B1B29F800297499 /* splitstream_private.h in Headers */ = {isa = PBXBuildFile; fileRef = FF02845F1B1B29F800297499 /* splitstream_private.h */; };
		FF0284671B1B29F800297499 /* splitstream.h in Headers */ = {isa = PBXBuildFile; fileRef = FF0284601B1B29F800297499 /* splitstream.h */; };
		FF0284691B1B29F800297499 /* splitstream_json.c in Sources */ = {isa = PBXBuildFile; fileRef = FF0284611B1B29F800297499 /* splitstream_json.c */; };
		FF02846B1B1B29F800297499 /* splitstream_xml.c in Sources */ = {isa = PBXBuildFile; fileRef = FF0284621B1B29F800297499 /* splitstream_xml.c */; };
		FF02846D1B1B29F800297499 /* splitstream.c in Sources */ = {isa = PBXBuildFile; fileRef = FF0284631B1B29F800297499 /* splitstream.c */; };
		FF466DCD1B2D759900B5740E /* IQSerialization.h in Headers */ = {isa = PBXBuildFile; fileRef = FF9D9E5F1639D803002A9272 /* IQSerialization.h */; settings = {ATTRIBUTES = (Public, ); }; };
		FF466DCE1B2D759900B5740E /* IQSerialization.m in Sources */ = {isa = PBXBuildFile; fileRef = FF9D9E611639D803002A9272 /* IQSerialization.m */; };
		FF466DCF1B2D759900B5740E /* IQSerialization+Tokenization.h in Headers */ = {isa = PBXBuildFile; fileRef = FFFCFAB21B19EABA00418EC9 /* IQSerialization+Tokenization.h */; };
		FF466DD01B2D759900B5740E /* IQSerialization+Tokenization.m in Sources */ = {isa = PBXBuildFile; fileRef = FFFCFAB31B19EABA00418EC9 /* IQSerialization+Tokenization.m */; };
		FF466DD11B2D759900B5740E /* IQStreamObjectTokenizer.h in Headers */ = {isa = PBXBuildFile; fileRef = FFFCFAA61B19D88900418EC9 /* IQStreamObjectTokenizer.h */; settings = {ATTRIBUTES = (Public, ); }; };
		FF466DD21B2D759900B5740E /* IQStreamObjectTokenizer.m in Sources */ = {isa = PBXBuildFile; fileRef = FFFCFAA71B19D88900418EC9 /* IQStreamObjectTokenizer.m */; };
		FF466DD31B2D759900B5740E /* NSData+Base64.h in Headers */ = {isa = PBXBuildFile; fileRef = FFD77E7D164703EE00597D70 /* NSData+Base64.h */; settings = {ATTRIBUTES = (Public, ); }; };
		FF466DD41B2D759900B5740E /* NSData+Base64.m in Sources */ = {isa = PBXBuildFile; fileRef = FFD77E7E164703EE00597D70 /* NSData+Base64.m */; };
		FF466DD51B2D759900B5740E /* IQSerialization+JSON.h in Headers */ = {isa = PBXBuildFile; fileRef = FF9D9EE51639DD3D002A9272 /* IQSerialization+JSON.h */; settings = {ATTRIBUTES = (Public, ); }; };
		FF466DD61B2D759900B5740E /* IQSerialization+JSON.m in Sources */ = {isa = PBXBuildFile; fileRef = FF9D9EE61639DD3D002A9272 /* IQSerialization+JSON.m */; };
		FF466DD71B2D759900B5740E /* IQSerialization+XMLRPC.h in Headers */ = {isa = PBXBuildFile; fileRef = FF9D9EF3163A0E02002A9272 /* IQSerialization+XMLRPC.h */; settings = {ATTRIBUTES = (Public, ); }; };
		FF466DD81B2D759900B5740E /* IQSerialization+XMLRPC.m in Sources */ = {isa = PBXBuildFile; fileRef = FF9D9EF4163A0E02002A9272 /* IQSerialization+XMLRPC.m */; };
		FF466DD91B2D759900B5740E /* IQSerialization+UBJSON.h in Headers */ = {isa = PBXBuildFile; fileRef = FF9D9F39163F2605002A9272 /* IQSerialization+UBJSON.h */; settings = {ATTRIBUTES = (Public, ); }; };
		FF466DDA1B2D759900B5740E /* IQSerialization+UBJSON.m in Sources */ = {isa = PBXBuildFile; fileRef = FF9D9F3A163F2605002A9272 /* IQSerialization+UBJSON.m */; };
		FF466DDB1B2D759900B5740E /* IQXMLWriter.h in Headers */ = {isa = PBXBuildFile; fileRef = FFD77E931648713800597D70 /* IQXMLWriter.h */; settings = {ATTRIBUTES = (Public, ); }; };
		FF466DDC1B2D759900B5740E /* IQXMLWriter.m in Sources */ = {isa = PBXBuildFile; fileRef = FFD77E941648713900597D70 /* IQXMLWriter.m */; };
		FF466DDD1B2D759900B5740E /* IQObjectFactory.h in Headers */ = {isa = PBXBuildFile; fileRef = FF9D9EFD163A0EDF002A9272 /* IQObjectFactory.h */; };
		FF466DDE1B2D759900B5740E /* IQObjectFactory.m in Sources */ = {isa = PBXBuildFile; fileRef = FF9D9EFE163A0EDF002A9272 /* IQObjectFactory.m */; };
		FF466DDF1B2D75CD00B5740E /* splitstream_private.h in Headers */ = {isa = PBXBuildFile; fileRef = FF02845F1B1B29F800297499 /* splitstream_private.h */; };
		FF466DE01B2D75D200B5740E /* splitstream.h in Headers */ = {isa = PBXBuildFile; fileRef = FF0284601B1B29F800297499 /* splitstream.h */; };
		FF466DE11B2D75D200B5740E /* splitstream_json.c in Sources */ = {isa = PBXBuildFile; fileRef = FF0284611B1B29F800297499 /* splitstream_json.c */; };
		FF466DE21B2D75D200B5740E /* splitstream_xml.c in Sources */ = {isa = PBXBuildFile; fileRef = FF0284621B1B29F800297499 /* splitstream_xml.c */; };
		FF466DE31B2D75D200B5740E /* splitstream.c in Sources */ = {isa = PBXBuildFile; fileRef = FF0284631B1B29F800297499 /* splitstream.c */; };
		FF466DE41B2D75E600B5740E /* yajl_alloc.c in Sources */ = {isa = PBXBuildFile; fileRef = FF9D9ECC1639DC4B002A9272 /* yajl_alloc.c */; };
		FF466DE51B2D75EA00B5740E /* yajl_buf.c in Sources */ = {isa = PBXBuildFile; fileRef = FF9D9ECE1639DC4B002A9272 /* yajl_buf.c */; };
		FF466DE61B2D75EC00B5740E /* yajl_encode.c in Sources */ = {isa = PBXBuildFile; fileRef = FF9D9ED21639DC4B002A9272 /* yajl_encode.c */; };
		FF466DE71B2D75EF00B5740E /* yajl_gen.c in Sources */ = {isa = PBXBuildFile; fileRef = FF9D9ED41639DC4B002A9272 /* yajl_gen.c */; };
		FF466DE81B2D75F400B5740E /* yajl_lex.c in Sources */ = {isa = PBXBuildFile; fileRef = FF9D9ED51639DC4B002A9272 /* yajl_lex.c */; };
		FF466DE91B2D75F700B5740E /* yajl_parser.c in Sources */ = {isa = PBXBuildFile; fileRef = FF9D9ED71639DC4B002A9272 /* yajl_parser.c */; };
		FF466DEA1B2D75FA00B5740E /* yajl_tree.c in Sources */ = {isa = PBXBuildFile; fileRef = FF9D9ED91639DC4B002A9272 /* yajl_tree.c */; };
		FF466DEB1B2D75FD00B5740E /* yajl.c in Sources */ = {isa = PBXBuildFile; fileRef = FF9D9EDB1639DC4B002A9272 /* yajl.c */; };
		FF466DEC1B2D78D400B5740E /* IQSerialization.framework in Frameworks */ = {isa = PBXBuildFile; fileRef = FF466DB21B2D74FA00B5740E /* IQSerialization.framework */; };
		FF9D9F28163F1A3D002A9272 /* IQJSONSerializationTests.m in Sources */ = {isa = PBXBuildFile; fileRef = FF9D9E781639D803002A9272 /* IQJSONSerializationTests.m */; };
		FF9D9F29163F1A3D002A9272 /* IQXMLRPCSerializationTests.m in Sources */ = {isa = PBXBuildFile; fileRef = FF9D9F01163A1349002A9272 /* IQXMLRPCSerializationTests.m */; };
		FF9D9F2D163F1A3D002A9272 /* Foundation.framework in Frameworks */ = {isa = PBXBuildFile; fileRef = FF9D9E5A1639D803002A9272 /* Foundation.framework */; };
		FFB028941666DA5300CED715 /* Cocoa.framework in Frameworks */ = {isa = PBXBuildFile; fileRef = FFB028931666DA5300CED715 /* Cocoa.framework */; };
		FFB028A61666DBC200CED715 /* IQObjectFactory.m in Sources */ = {isa = PBXBuildFile; fileRef = FF9D9EFE163A0EDF002A9272 /* IQObjectFactory.m */; };
		FFB028A71666DBC500CED715 /* IQXMLWriter.m in Sources */ = {isa = PBXBuildFile; fileRef = FFD77E941648713900597D70 /* IQXMLWriter.m */; };
		FFB028A81666DBCA00CED715 /* IQSerialization+UBJSON.m in Sources */ = {isa = PBXBuildFile; fileRef = FF9D9F3A163F2605002A9272 /* IQSerialization+UBJSON.m */; };
		FFB028A91666DBCF00CED715 /* IQSerialization.m in Sources */ = {isa = PBXBuildFile; fileRef = FF9D9E611639D803002A9272 /* IQSerialization.m */; };
		FFB028AA1666DBCF00CED715 /* NSData+Base64.m in Sources */ = {isa = PBXBuildFile; fileRef = FFD77E7E164703EE00597D70 /* NSData+Base64.m */; };
		FFB028AB1666DBCF00CED715 /* IQSerialization+JSON.m in Sources */ = {isa = PBXBuildFile; fileRef = FF9D9EE61639DD3D002A9272 /* IQSerialization+JSON.m */; };
		FFB028AC1666DBCF00CED715 /* IQSerialization+XMLRPC.m in Sources */ = {isa = PBXBuildFile; fileRef = FF9D9EF4163A0E02002A9272 /* IQSerialization+XMLRPC.m */; };
		FFB028AD1666DCAA00CED715 /* yajl_alloc.c in Sources */ = {isa = PBXBuildFile; fileRef = FF9D9ECC1639DC4B002A9272 /* yajl_alloc.c */; };
		FFB028AE1666DCAA00CED715 /* yajl_buf.c in Sources */ = {isa = PBXBuildFile; fileRef = FF9D9ECE1639DC4B002A9272 /* yajl_buf.c */; };
		FFB028AF1666DCB000CED715 /* yajl_encode.c in Sources */ = {isa = PBXBuildFile; fileRef = FF9D9ED21639DC4B002A9272 /* yajl_encode.c */; };
		FFB028B01666DCB000CED715 /* yajl_gen.c in Sources */ = {isa = PBXBuildFile; fileRef = FF9D9ED41639DC4B002A9272 /* yajl_gen.c */; };
		FFB028B11666DCB000CED715 /* yajl_lex.c in Sources */ = {isa = PBXBuildFile; fileRef = FF9D9ED51639DC4B002A9272 /* yajl_lex.c */; };
		FFB028B21666DCB000CED715 /* yajl_parser.c in Sources */ = {isa = PBXBuildFile; fileRef = FF9D9ED71639DC4B002A9272 /* yajl_parser.c */; };
		FFB028B31666DCB000CED715 /* yajl_tree.c in Sources */ = {isa = PBXBuildFile; fileRef = FF9D9ED91639DC4B002A9272 /* yajl_tree.c */; };
		FFB028B41666DCB000CED715 /* yajl.c in Sources */ = {isa = PBXBuildFile; fileRef = FF9D9EDB1639DC4B002A9272 /* yajl.c */; };
		FFB029091666E39600CED715 /* IQSerialization.h in Headers */ = {isa = PBXBuildFile; fileRef = FF9D9E5F1639D803002A9272 /* IQSerialization.h */; settings = {ATTRIBUTES = (Public, ); }; };
		FFB0290A1666E39C00CED715 /* NSData+Base64.h in Headers */ = {isa = PBXBuildFile; fileRef = FFD77E7D164703EE00597D70 /* NSData+Base64.h */; settings = {ATTRIBUTES = (Public, ); }; };
		FFB0290B1666E39F00CED715 /* IQSerialization+JSON.h in Headers */ = {isa = PBXBuildFile; fileRef = FF9D9EE51639DD3D002A9272 /* IQSerialization+JSON.h */; settings = {ATTRIBUTES = (Public, ); }; };
		FFB0290C1666E3B900CED715 /* IQSerialization+XMLRPC.h in Headers */ = {isa = PBXBuildFile; fileRef = FF9D9EF3163A0E02002A9272 /* IQSerialization+XMLRPC.h */; settings = {ATTRIBUTES = (Public, ); }; };
		FFB0290D1666E3C500CED715 /* IQSerialization+UBJSON.h in Headers */ = {isa = PBXBuildFile; fileRef = FF9D9F39163F2605002A9272 /* IQSerialization+UBJSON.h */; settings = {ATTRIBUTES = (Public, ); }; };
		FFB0290E1666E3CA00CED715 /* IQXMLWriter.h in Headers */ = {isa = PBXBuildFile; fileRef = FFD77E931648713800597D70 /* IQXMLWriter.h */; settings = {ATTRIBUTES = (Public, ); }; };
		FFB0290F1666E3CC00CED715 /* IQObjectFactory.h in Headers */ = {isa = PBXBuildFile; fileRef = FF9D9EFD163A0EDF002A9272 /* IQObjectFactory.h */; };
		FFB188C01B28382800A63B60 /* MyTestClass.m in Sources */ = {isa = PBXBuildFile; fileRef = FFFCFA011B190AB300418EC9 /* MyTestClass.m */; };
		FFB188C11B28382800A63B60 /* IQJSONSerializationTests.m in Sources */ = {isa = PBXBuildFile; fileRef = FF9D9E781639D803002A9272 /* IQJSONSerializationTests.m */; };
		FFB188C21B28382800A63B60 /* IQXMLRPCSerializationTests.m in Sources */ = {isa = PBXBuildFile; fileRef = FF9D9F01163A1349002A9272 /* IQXMLRPCSerializationTests.m */; };
		FFB188C31B28382800A63B60 /* IQUBJSONSerializationTests.m in Sources */ = {isa = PBXBuildFile; fileRef = FFFCFAAF1B19E5EE00418EC9 /* IQUBJSONSerializationTests.m */; };
		FFB188C41B28382800A63B60 /* PerformanceTests.m in Sources */ = {isa = PBXBuildFile; fileRef = FFFCF9FD1B1907E400418EC9 /* PerformanceTests.m */; };
		FFB188C51B28382800A63B60 /* TokenizerTests.m in Sources */ = {isa = PBXBuildFile; fileRef = FFFCFAAC1B19E48D00418EC9 /* TokenizerTests.m */; };
		FFB188C61B28382800A63B60 /* Base64Tests.m in Sources */ = {isa = PBXBuildFile; fileRef = FFD77E8316471CC400597D70 /* Base64Tests.m */; };
		FFD77E8516471CC400597D70 /* Base64Tests.m in Sources */ = {isa = PBXBuildFile; fileRef = FFD77E8316471CC400597D70 /* Base64Tests.m */; };
		FFFCF9FC1B1906E900418EC9 /* IQSerialization.framework in Frameworks */ = {isa = PBXBuildFile; fileRef = FFB028921666DA5300CED715 /* IQSerialization.framework */; };
		FFFCF9FF1B1907E400418EC9 /* PerformanceTests.m in Sources */ = {isa = PBXBuildFile; fileRef = FFFCF9FD1B1907E400418EC9 /* PerformanceTests.m */; };
		FFFCFA031B190AB300418EC9 /* MyTestClass.m in Sources */ = {isa = PBXBuildFile; fileRef = FFFCFA011B190AB300418EC9 /* MyTestClass.m */; };
		FFFCFAAA1B19D8B400418EC9 /* IQStreamObjectTokenizer.h in Headers */ = {isa = PBXBuildFile; fileRef = FFFCFAA61B19D88900418EC9 /* IQStreamObjectTokenizer.h */; settings = {ATTRIBUTES = (Public, ); }; };
		FFFCFAAB1B19E37400418EC9 /* IQStreamObjectTokenizer.m in Sources */ = {isa = PBXBuildFile; fileRef = FFFCFAA71B19D88900418EC9 /* IQStreamObjectTokenizer.m */; };
		FFFCFAAE1B19E48D00418EC9 /* TokenizerTests.m in Sources */ = {isa = PBXBuildFile; fileRef = FFFCFAAC1B19E48D00418EC9 /* TokenizerTests.m */; };
		FFFCFAB11B19E5EE00418EC9 /* IQUBJSONSerializationTests.m in Sources */ = {isa = PBXBuildFile; fileRef = FFFCFAAF1B19E5EE00418EC9 /* IQUBJSONSerializationTests.m */; };
		FFFCFAB51B19EABA00418EC9 /* IQSerialization+Tokenization.h in Headers */ = {isa = PBXBuildFile; fileRef = FFFCFAB21B19EABA00418EC9 /* IQSerialization+Tokenization.h */; };
		FFFCFAB71B19EABA00418EC9 /* IQSerialization+Tokenization.m in Sources */ = {isa = PBXBuildFile; fileRef = FFFCFAB31B19EABA00418EC9 /* IQSerialization+Tokenization.m */; };
/* End PBXBuildFile section */

/* Begin PBXContainerItemProxy section */
		FFB0294D1666EA0400CED715 /* PBXContainerItemProxy */ = {
			isa = PBXContainerItemProxy;
			containerPortal = FF9D9E4E1639D803002A9272 /* Project object */;
			proxyType = 1;
			remoteGlobalIDString = FFB028911666DA5300CED715;
			remoteInfo = "IQSerialization - OSX";
		};
/* End PBXContainerItemProxy section */

/* Begin PBXFileReference section */
		FF02845F1B1B29F800297499 /* splitstream_private.h */ = {isa = PBXFileReference; fileEncoding = 4; lastKnownFileType = sourcecode.c.h; path = splitstream_private.h; sourceTree = "<group>"; };
		FF0284601B1B29F800297499 /* splitstream.h */ = {isa = PBXFileReference; fileEncoding = 4; lastKnownFileType = sourcecode.c.h; path = splitstream.h; sourceTree = "<group>"; };
		FF0284611B1B29F800297499 /* splitstream_json.c */ = {isa = PBXFileReference; fileEncoding = 4; lastKnownFileType = sourcecode.c.c; path = splitstream_json.c; sourceTree = "<group>"; };
		FF0284621B1B29F800297499 /* splitstream_xml.c */ = {isa = PBXFileReference; fileEncoding = 4; lastKnownFileType = sourcecode.c.c; path = splitstream_xml.c; sourceTree = "<group>"; };
		FF0284631B1B29F800297499 /* splitstream.c */ = {isa = PBXFileReference; fileEncoding = 4; lastKnownFileType = sourcecode.c.c; path = splitstream.c; sourceTree = "<group>"; };
		FF466DB21B2D74FA00B5740E /* IQSerialization.framework */ = {isa = PBXFileReference; explicitFileType = wrapper.framework; includeInIndex = 0; path = IQSerialization.framework; sourceTree = BUILT_PRODUCTS_DIR; };
		FF9D9E5A1639D803002A9272 /* Foundation.framework */ = {isa = PBXFileReference; lastKnownFileType = wrapper.framework; name = Foundation.framework; path = System/Library/Frameworks/Foundation.framework; sourceTree = SDKROOT; };
		FF9D9E5F1639D803002A9272 /* IQSerialization.h */ = {isa = PBXFileReference; lastKnownFileType = sourcecode.c.h; path = IQSerialization.h; sourceTree = "<group>"; };
		FF9D9E611639D803002A9272 /* IQSerialization.m */ = {isa = PBXFileReference; lastKnownFileType = sourcecode.c.objc; path = IQSerialization.m; sourceTree = "<group>"; };
		FF9D9E6B1639D803002A9272 /* UIKit.framework */ = {isa = PBXFileReference; lastKnownFileType = wrapper.framework; name = UIKit.framework; path = Library/Frameworks/UIKit.framework; sourceTree = DEVELOPER_DIR; };
		FF9D9E731639D803002A9272 /* IQSerializationTests-Info.plist */ = {isa = PBXFileReference; lastKnownFileType = text.plist.xml; path = "IQSerializationTests-Info.plist"; sourceTree = "<group>"; };
		FF9D9E781639D803002A9272 /* IQJSONSerializationTests.m */ = {isa = PBXFileReference; lastKnownFileType = sourcecode.c.objc; path = IQJSONSerializationTests.m; sourceTree = "<group>"; };
		FF9D9ECC1639DC4B002A9272 /* yajl_alloc.c */ = {isa = PBXFileReference; fileEncoding = 4; lastKnownFileType = sourcecode.c.c; name = yajl_alloc.c; path = Contrib/yajl/src/yajl_alloc.c; sourceTree = SOURCE_ROOT; };
		FF9D9ECD1639DC4B002A9272 /* yajl_alloc.h */ = {isa = PBXFileReference; fileEncoding = 4; lastKnownFileType = sourcecode.c.h; name = yajl_alloc.h; path = Contrib/yajl/src/yajl_alloc.h; sourceTree = SOURCE_ROOT; };
		FF9D9ECE1639DC4B002A9272 /* yajl_buf.c */ = {isa = PBXFileReference; fileEncoding = 4; lastKnownFileType = sourcecode.c.c; name = yajl_buf.c; path = Contrib/yajl/src/yajl_buf.c; sourceTree = SOURCE_ROOT; };
		FF9D9ECF1639DC4B002A9272 /* yajl_buf.h */ = {isa = PBXFileReference; fileEncoding = 4; lastKnownFileType = sourcecode.c.h; name = yajl_buf.h; path = Contrib/yajl/src/yajl_buf.h; sourceTree = SOURCE_ROOT; };
		FF9D9ED01639DC4B002A9272 /* yajl_bytestack.h */ = {isa = PBXFileReference; fileEncoding = 4; lastKnownFileType = sourcecode.c.h; name = yajl_bytestack.h; path = Contrib/yajl/src/yajl_bytestack.h; sourceTree = SOURCE_ROOT; };
		FF9D9ED11639DC4B002A9272 /* yajl_common.h */ = {isa = PBXFileReference; fileEncoding = 4; lastKnownFileType = sourcecode.c.h; name = yajl_common.h; path = Contrib/yajl/src/api/yajl_common.h; sourceTree = SOURCE_ROOT; };
		FF9D9ED21639DC4B002A9272 /* yajl_encode.c */ = {isa = PBXFileReference; fileEncoding = 4; lastKnownFileType = sourcecode.c.c; name = yajl_encode.c; path = Contrib/yajl/src/yajl_encode.c; sourceTree = SOURCE_ROOT; };
		FF9D9ED31639DC4B002A9272 /* yajl_encode.h */ = {isa = PBXFileReference; fileEncoding = 4; lastKnownFileType = sourcecode.c.h; name = yajl_encode.h; path = Contrib/yajl/src/yajl_encode.h; sourceTree = SOURCE_ROOT; };
		FF9D9ED41639DC4B002A9272 /* yajl_gen.c */ = {isa = PBXFileReference; fileEncoding = 4; lastKnownFileType = sourcecode.c.c; name = yajl_gen.c; path = Contrib/yajl/src/yajl_gen.c; sourceTree = SOURCE_ROOT; };
		FF9D9ED51639DC4B002A9272 /* yajl_lex.c */ = {isa = PBXFileReference; fileEncoding = 4; lastKnownFileType = sourcecode.c.c; name = yajl_lex.c; path = Contrib/yajl/src/yajl_lex.c; sourceTree = SOURCE_ROOT; };
		FF9D9ED61639DC4B002A9272 /* yajl_lex.h */ = {isa = PBXFileReference; fileEncoding = 4; lastKnownFileType = sourcecode.c.h; name = yajl_lex.h; path = Contrib/yajl/src/yajl_lex.h; sourceTree = SOURCE_ROOT; };
		FF9D9ED71639DC4B002A9272 /* yajl_parser.c */ = {isa = PBXFileReference; fileEncoding = 4; lastKnownFileType = sourcecode.c.c; name = yajl_parser.c; path = Contrib/yajl/src/yajl_parser.c; sourceTree = SOURCE_ROOT; };
		FF9D9ED81639DC4B002A9272 /* yajl_parser.h */ = {isa = PBXFileReference; fileEncoding = 4; lastKnownFileType = sourcecode.c.h; name = yajl_parser.h; path = Contrib/yajl/src/yajl_parser.h; sourceTree = SOURCE_ROOT; };
		FF9D9ED91639DC4B002A9272 /* yajl_tree.c */ = {isa = PBXFileReference; fileEncoding = 4; lastKnownFileType = sourcecode.c.c; name = yajl_tree.c; path = Contrib/yajl/src/yajl_tree.c; sourceTree = SOURCE_ROOT; };
		FF9D9EDB1639DC4B002A9272 /* yajl.c */ = {isa = PBXFileReference; fileEncoding = 4; lastKnownFileType = sourcecode.c.c; name = yajl.c; path = Contrib/yajl/src/yajl.c; sourceTree = SOURCE_ROOT; };
		FF9D9EE51639DD3D002A9272 /* IQSerialization+JSON.h */ = {isa = PBXFileReference; fileEncoding = 4; lastKnownFileType = sourcecode.c.h; path = "IQSerialization+JSON.h"; sourceTree = "<group>"; };
		FF9D9EE61639DD3D002A9272 /* IQSerialization+JSON.m */ = {isa = PBXFileReference; fileEncoding = 4; lastKnownFileType = sourcecode.c.objc; path = "IQSerialization+JSON.m"; sourceTree = "<group>"; };
		FF9D9EF3163A0E02002A9272 /* IQSerialization+XMLRPC.h */ = {isa = PBXFileReference; fileEncoding = 4; lastKnownFileType = sourcecode.c.h; path = "IQSerialization+XMLRPC.h"; sourceTree = "<group>"; };
		FF9D9EF4163A0E02002A9272 /* IQSerialization+XMLRPC.m */ = {isa = PBXFileReference; fileEncoding = 4; lastKnownFileType = sourcecode.c.objc; path = "IQSerialization+XMLRPC.m"; sourceTree = "<group>"; };
		FF9D9EFD163A0EDF002A9272 /* IQObjectFactory.h */ = {isa = PBXFileReference; fileEncoding = 4; lastKnownFileType = sourcecode.c.h; path = IQObjectFactory.h; sourceTree = "<group>"; };
		FF9D9EFE163A0EDF002A9272 /* IQObjectFactory.m */ = {isa = PBXFileReference; fileEncoding = 4; lastKnownFileType = sourcecode.c.objc; path = IQObjectFactory.m; sourceTree = "<group>"; };
		FF9D9F01163A1349002A9272 /* IQXMLRPCSerializationTests.m */ = {isa = PBXFileReference; fileEncoding = 4; lastKnownFileType = sourcecode.c.objc; path = IQXMLRPCSerializationTests.m; sourceTree = "<group>"; };
		FF9D9F35163F1A3D002A9272 /* Tests_OSX.xctest */ = {isa = PBXFileReference; explicitFileType = wrapper.cfbundle; includeInIndex = 0; path = Tests_OSX.xctest; sourceTree = BUILT_PRODUCTS_DIR; };
		FF9D9F39163F2605002A9272 /* IQSerialization+UBJSON.h */ = {isa = PBXFileReference; fileEncoding = 4; lastKnownFileType = sourcecode.c.h; path = "IQSerialization+UBJSON.h"; sourceTree = "<group>"; };
		FF9D9F3A163F2605002A9272 /* IQSerialization+UBJSON.m */ = {isa = PBXFileReference; fileEncoding = 4; lastKnownFileType = sourcecode.c.objc; path = "IQSerialization+UBJSON.m"; sourceTree = "<group>"; };
		FF9D9F791641BFA1002A9272 /* UIKit.framework */ = {isa = PBXFileReference; lastKnownFileType = wrapper.framework; name = UIKit.framework; path = System/Library/Frameworks/UIKit.framework; sourceTree = SDKROOT; };
		FF9D9F811641D7F1002A9272 /* CoreFoundation.framework */ = {isa = PBXFileReference; lastKnownFileType = wrapper.framework; name = CoreFoundation.framework; path = System/Library/Frameworks/CoreFoundation.framework; sourceTree = SDKROOT; };
		FF9D9FB61646AD4E002A9272 /* CoreGraphics.framework */ = {isa = PBXFileReference; lastKnownFileType = wrapper.framework; name = CoreGraphics.framework; path = System/Library/Frameworks/CoreGraphics.framework; sourceTree = SDKROOT; };
		FFB028921666DA5300CED715 /* IQSerialization.framework */ = {isa = PBXFileReference; explicitFileType = wrapper.framework; includeInIndex = 0; path = IQSerialization.framework; sourceTree = BUILT_PRODUCTS_DIR; };
		FFB028931666DA5300CED715 /* Cocoa.framework */ = {isa = PBXFileReference; lastKnownFileType = wrapper.framework; name = Cocoa.framework; path = Library/Frameworks/Cocoa.framework; sourceTree = DEVELOPER_DIR; };
		FFB028961666DA5300CED715 /* AppKit.framework */ = {isa = PBXFileReference; lastKnownFileType = wrapper.framework; name = AppKit.framework; path = Library/Frameworks/AppKit.framework; sourceTree = SDKROOT; };
		FFB028971666DA5300CED715 /* CoreData.framework */ = {isa = PBXFileReference; lastKnownFileType = wrapper.framework; name = CoreData.framework; path = Library/Frameworks/CoreData.framework; sourceTree = SDKROOT; };
		FFB028981666DA5300CED715 /* Foundation.framework */ = {isa = PBXFileReference; lastKnownFileType = wrapper.framework; name = Foundation.framework; path = Library/Frameworks/Foundation.framework; sourceTree = SDKROOT; };
		FFB0289B1666DA5300CED715 /* IQSerialization-Info.plist */ = {isa = PBXFileReference; lastKnownFileType = text.plist.xml; path = "IQSerialization-Info.plist"; sourceTree = "<group>"; };
		FFB188B41B28380F00A63B60 /* Tests - iOS.xctest */ = {isa = PBXFileReference; explicitFileType = wrapper.cfbundle; includeInIndex = 0; path = "Tests - iOS.xctest"; sourceTree = BUILT_PRODUCTS_DIR; };
		FFD77E7D164703EE00597D70 /* NSData+Base64.h */ = {isa = PBXFileReference; fileEncoding = 4; lastKnownFileType = sourcecode.c.h; path = "NSData+Base64.h"; sourceTree = "<group>"; };
		FFD77E7E164703EE00597D70 /* NSData+Base64.m */ = {isa = PBXFileReference; fileEncoding = 4; lastKnownFileType = sourcecode.c.objc; path = "NSData+Base64.m"; sourceTree = "<group>"; };
		FFD77E8316471CC400597D70 /* Base64Tests.m */ = {isa = PBXFileReference; fileEncoding = 4; lastKnownFileType = sourcecode.c.objc; path = Base64Tests.m; sourceTree = "<group>"; };
		FFD77E86164753CD00597D70 /* README.md */ = {isa = PBXFileReference; fileEncoding = 4; lastKnownFileType = text; path = README.md; sourceTree = "<group>"; };
		FFD77E87164753D200597D70 /* NOTICE */ = {isa = PBXFileReference; fileEncoding = 4; lastKnownFileType = text; path = NOTICE; sourceTree = "<group>"; };
		FFD77E931648713800597D70 /* IQXMLWriter.h */ = {isa = PBXFileReference; fileEncoding = 4; lastKnownFileType = sourcecode.c.h; path = IQXMLWriter.h; sourceTree = "<group>"; };
		FFD77E941648713900597D70 /* IQXMLWriter.m */ = {isa = PBXFileReference; fileEncoding = 4; lastKnownFileType = sourcecode.c.objc; path = IQXMLWriter.m; sourceTree = "<group>"; };
		FFFCF9FD1B1907E400418EC9 /* PerformanceTests.m */ = {isa = PBXFileReference; fileEncoding = 4; lastKnownFileType = sourcecode.c.objc; path = PerformanceTests.m; sourceTree = "<group>"; };
		FFFCFA001B190AB300418EC9 /* MyTestClass.h */ = {isa = PBXFileReference; fileEncoding = 4; lastKnownFileType = sourcecode.c.h; path = MyTestClass.h; sourceTree = "<group>"; };
		FFFCFA011B190AB300418EC9 /* MyTestClass.m */ = {isa = PBXFileReference; fileEncoding = 4; lastKnownFileType = sourcecode.c.objc; path = MyTestClass.m; sourceTree = "<group>"; };
		FFFCFA911B19CFB900418EC9 /* yajl_version.h */ = {isa = PBXFileReference; fileEncoding = 4; lastKnownFileType = sourcecode.c.h; name = yajl_version.h; path = Contrib/yajl/include/yajl/yajl_version.h; sourceTree = SOURCE_ROOT; };
		FFFCFAA61B19D88900418EC9 /* IQStreamObjectTokenizer.h */ = {isa = PBXFileReference; fileEncoding = 4; lastKnownFileType = sourcecode.c.h; path = IQStreamObjectTokenizer.h; sourceTree = "<group>"; };
		FFFCFAA71B19D88900418EC9 /* IQStreamObjectTokenizer.m */ = {isa = PBXFileReference; fileEncoding = 4; lastKnownFileType = sourcecode.c.objc; path = IQStreamObjectTokenizer.m; sourceTree = "<group>"; };
		FFFCFAAC1B19E48D00418EC9 /* TokenizerTests.m */ = {isa = PBXFileReference; fileEncoding = 4; lastKnownFileType = sourcecode.c.objc; path = TokenizerTests.m; sourceTree = "<group>"; };
		FFFCFAAF1B19E5EE00418EC9 /* IQUBJSONSerializationTests.m */ = {isa = PBXFileReference; fileEncoding = 4; lastKnownFileType = sourcecode.c.objc; path = IQUBJSONSerializationTests.m; sourceTree = "<group>"; };
		FFFCFAB21B19EABA00418EC9 /* IQSerialization+Tokenization.h */ = {isa = PBXFileReference; fileEncoding = 4; lastKnownFileType = sourcecode.c.h; path = "IQSerialization+Tokenization.h"; sourceTree = "<group>"; };
		FFFCFAB31B19EABA00418EC9 /* IQSerialization+Tokenization.m */ = {isa = PBXFileReference; fileEncoding = 4; lastKnownFileType = sourcecode.c.objc; path = "IQSerialization+Tokenization.m"; sourceTree = "<group>"; };
		FFFE9B1D184BF1CC007BACB7 /* XCTest.framework */ = {isa = PBXFileReference; lastKnownFileType = wrapper.framework; name = XCTest.framework; path = Library/Frameworks/XCTest.framework; sourceTree = DEVELOPER_DIR; };
/* End PBXFileReference section */

/* Begin PBXFrameworksBuildPhase section */
		FF466DAE1B2D74FA00B5740E /* Frameworks */ = {
			isa = PBXFrameworksBuildPhase;
			buildActionMask = 2147483647;
			files = (
			);
			runOnlyForDeploymentPostprocessing = 0;
		};
		FF9D9F2A163F1A3D002A9272 /* Frameworks */ = {
			isa = PBXFrameworksBuildPhase;
			buildActionMask = 2147483647;
			files = (
				FFFCF9FC1B1906E900418EC9 /* IQSerialization.framework in Frameworks */,
				FF9D9F2D163F1A3D002A9272 /* Foundation.framework in Frameworks */,
			);
			runOnlyForDeploymentPostprocessing = 0;
		};
		FFB0288E1666DA5300CED715 /* Frameworks */ = {
			isa = PBXFrameworksBuildPhase;
			buildActionMask = 2147483647;
			files = (
				FFB028941666DA5300CED715 /* Cocoa.framework in Frameworks */,
			);
			runOnlyForDeploymentPostprocessing = 0;
		};
		FFB188B11B28380F00A63B60 /* Frameworks */ = {
			isa = PBXFrameworksBuildPhase;
			buildActionMask = 2147483647;
			files = (
				FF466DEC1B2D78D400B5740E /* IQSerialization.framework in Frameworks */,
			);
			runOnlyForDeploymentPostprocessing = 0;
		};
/* End PBXFrameworksBuildPhase section */

/* Begin PBXGroup section */
		FF02845E1B1B29E100297499 /* splitstream */ = {
			isa = PBXGroup;
			children = (
				FF02845F1B1B29F800297499 /* splitstream_private.h */,
				FF0284601B1B29F800297499 /* splitstream.h */,
				FF0284611B1B29F800297499 /* splitstream_json.c */,
				FF0284621B1B29F800297499 /* splitstream_xml.c */,
				FF0284631B1B29F800297499 /* splitstream.c */,
			);
			name = splitstream;
			path = ../Contrib/splitstream/src;
			sourceTree = "<group>";
		};
		FF9D9E4C1639D803002A9272 = {
			isa = PBXGroup;
			children = (
				FFD77E87164753D200597D70 /* NOTICE */,
				FFD77E86164753CD00597D70 /* README.md */,
				FF9D9F791641BFA1002A9272 /* UIKit.framework */,
				FF9D9E5C1639D803002A9272 /* IQSerialization */,
				FF9D9E711639D803002A9272 /* IQSerializationTests */,
				FF9D9E591639D803002A9272 /* Frameworks */,
				FF9D9E581639D803002A9272 /* Products */,
			);
			sourceTree = "<group>";
		};
		FF9D9E581639D803002A9272 /* Products */ = {
			isa = PBXGroup;
			children = (
				FF9D9F35163F1A3D002A9272 /* Tests_OSX.xctest */,
				FFB028921666DA5300CED715 /* IQSerialization.framework */,
				FFB188B41B28380F00A63B60 /* Tests - iOS.xctest */,
				FF466DB21B2D74FA00B5740E /* IQSerialization.framework */,
			);
			name = Products;
			sourceTree = "<group>";
		};
		FF9D9E591639D803002A9272 /* Frameworks */ = {
			isa = PBXGroup;
			children = (
				FFFE9B1D184BF1CC007BACB7 /* XCTest.framework */,
				FF9D9E5A1639D803002A9272 /* Foundation.framework */,
				FF9D9E6B1639D803002A9272 /* UIKit.framework */,
				FF9D9F811641D7F1002A9272 /* CoreFoundation.framework */,
				FF9D9FB61646AD4E002A9272 /* CoreGraphics.framework */,
				FFB028931666DA5300CED715 /* Cocoa.framework */,
				FFB028951666DA5300CED715 /* Other Frameworks */,
			);
			name = Frameworks;
			sourceTree = "<group>";
		};
		FF9D9E5C1639D803002A9272 /* IQSerialization */ = {
			isa = PBXGroup;
			children = (
				FF9D9E5F1639D803002A9272 /* IQSerialization.h */,
				FF9D9E611639D803002A9272 /* IQSerialization.m */,
				FFFCFAB21B19EABA00418EC9 /* IQSerialization+Tokenization.h */,
				FFFCFAB31B19EABA00418EC9 /* IQSerialization+Tokenization.m */,
				FFFCFAA61B19D88900418EC9 /* IQStreamObjectTokenizer.h */,
				FFFCFAA71B19D88900418EC9 /* IQStreamObjectTokenizer.m */,
				FFD77E7D164703EE00597D70 /* NSData+Base64.h */,
				FFD77E7E164703EE00597D70 /* NSData+Base64.m */,
				FF9D9EE51639DD3D002A9272 /* IQSerialization+JSON.h */,
				FF9D9EE61639DD3D002A9272 /* IQSerialization+JSON.m */,
				FF9D9EF3163A0E02002A9272 /* IQSerialization+XMLRPC.h */,
				FF9D9EF4163A0E02002A9272 /* IQSerialization+XMLRPC.m */,
				FF9D9F39163F2605002A9272 /* IQSerialization+UBJSON.h */,
				FF9D9F3A163F2605002A9272 /* IQSerialization+UBJSON.m */,
				FFD77E931648713800597D70 /* IQXMLWriter.h */,
				FFD77E941648713900597D70 /* IQXMLWriter.m */,
				FF9D9EFD163A0EDF002A9272 /* IQObjectFactory.h */,
				FF9D9EFE163A0EDF002A9272 /* IQObjectFactory.m */,
				FF9D9E5D1639D803002A9272 /* Supporting Files */,
				FF02845E1B1B29E100297499 /* splitstream */,
				FF9D9E831639D8A9002A9272 /* yajl */,
			);
			path = IQSerialization;
			sourceTree = "<group>";
		};
		FF9D9E5D1639D803002A9272 /* Supporting Files */ = {
			isa = PBXGroup;
			children = (
				FFB0289B1666DA5300CED715 /* IQSerialization-Info.plist */,
			);
			name = "Supporting Files";
			sourceTree = "<group>";
		};
		FF9D9E711639D803002A9272 /* IQSerializationTests */ = {
			isa = PBXGroup;
			children = (
				FFFCFA001B190AB300418EC9 /* MyTestClass.h */,
				FFFCFA011B190AB300418EC9 /* MyTestClass.m */,
				FF9D9E781639D803002A9272 /* IQJSONSerializationTests.m */,
				FF9D9F01163A1349002A9272 /* IQXMLRPCSerializationTests.m */,
				FFFCFAAF1B19E5EE00418EC9 /* IQUBJSONSerializationTests.m */,
				FFFCF9FD1B1907E400418EC9 /* PerformanceTests.m */,
				FFFCFAAC1B19E48D00418EC9 /* TokenizerTests.m */,
				FFD77E8316471CC400597D70 /* Base64Tests.m */,
				FF9D9E721639D803002A9272 /* Supporting Files */,
			);
			path = IQSerializationTests;
			sourceTree = "<group>";
		};
		FF9D9E721639D803002A9272 /* Supporting Files */ = {
			isa = PBXGroup;
			children = (
				FF9D9E731639D803002A9272 /* IQSerializationTests-Info.plist */,
			);
			name = "Supporting Files";
			sourceTree = "<group>";
		};
		FF9D9E831639D8A9002A9272 /* yajl */ = {
			isa = PBXGroup;
			children = (
				FFFCFA911B19CFB900418EC9 /* yajl_version.h */,
				FF9D9ECC1639DC4B002A9272 /* yajl_alloc.c */,
				FF9D9ECD1639DC4B002A9272 /* yajl_alloc.h */,
				FF9D9ECE1639DC4B002A9272 /* yajl_buf.c */,
				FF9D9ECF1639DC4B002A9272 /* yajl_buf.h */,
				FF9D9ED01639DC4B002A9272 /* yajl_bytestack.h */,
				FF9D9ED11639DC4B002A9272 /* yajl_common.h */,
				FF9D9ED21639DC4B002A9272 /* yajl_encode.c */,
				FF9D9ED31639DC4B002A9272 /* yajl_encode.h */,
				FF9D9ED41639DC4B002A9272 /* yajl_gen.c */,
				FF9D9ED51639DC4B002A9272 /* yajl_lex.c */,
				FF9D9ED61639DC4B002A9272 /* yajl_lex.h */,
				FF9D9ED71639DC4B002A9272 /* yajl_parser.c */,
				FF9D9ED81639DC4B002A9272 /* yajl_parser.h */,
				FF9D9ED91639DC4B002A9272 /* yajl_tree.c */,
				FF9D9EDB1639DC4B002A9272 /* yajl.c */,
			);
			name = yajl;
			sourceTree = "<group>";
		};
		FFB028951666DA5300CED715 /* Other Frameworks */ = {
			isa = PBXGroup;
			children = (
				FFB028961666DA5300CED715 /* AppKit.framework */,
				FFB028971666DA5300CED715 /* CoreData.framework */,
				FFB028981666DA5300CED715 /* Foundation.framework */,
			);
			name = "Other Frameworks";
			sourceTree = "<group>";
		};
/* End PBXGroup section */

/* Begin PBXHeadersBuildPhase section */
		FF466DAF1B2D74FA00B5740E /* Headers */ = {
			isa = PBXHeadersBuildPhase;
			buildActionMask = 2147483647;
			files = (
				FF466DDD1B2D759900B5740E /* IQObjectFactory.h in Headers */,
				FF466DE01B2D75D200B5740E /* splitstream.h in Headers */,
				FF466DDF1B2D75CD00B5740E /* splitstream_private.h in Headers */,
				FF466DD31B2D759900B5740E /* NSData+Base64.h in Headers */,
				FF466DD91B2D759900B5740E /* IQSerialization+UBJSON.h in Headers */,
				FF466DCF1B2D759900B5740E /* IQSerialization+Tokenization.h in Headers */,
				FF466DDB1B2D759900B5740E /* IQXMLWriter.h in Headers */,
				FF466DD11B2D759900B5740E /* IQStreamObjectTokenizer.h in Headers */,
				FF466DD71B2D759900B5740E /* IQSerialization+XMLRPC.h in Headers */,
				FF466DD51B2D759900B5740E /* IQSerialization+JSON.h in Headers */,
				FF466DCD1B2D759900B5740E /* IQSerialization.h in Headers */,
			);
			runOnlyForDeploymentPostprocessing = 0;
		};
		FFB0288F1666DA5300CED715 /* Headers */ = {
			isa = PBXHeadersBuildPhase;
			buildActionMask = 2147483647;
			files = (
				FFB029091666E39600CED715 /* IQSerialization.h in Headers */,
				FF0284671B1B29F800297499 /* splitstream.h in Headers */,
				FF0284651B1B29F800297499 /* splitstream_private.h in Headers */,
				FFB0290A1666E39C00CED715 /* NSData+Base64.h in Headers */,
				FFFCFAB51B19EABA00418EC9 /* IQSerialization+Tokenization.h in Headers */,
				FFB0290B1666E39F00CED715 /* IQSerialization+JSON.h in Headers */,
				FFB0290C1666E3B900CED715 /* IQSerialization+XMLRPC.h in Headers */,
				FFB0290D1666E3C500CED715 /* IQSerialization+UBJSON.h in Headers */,
				FFB0290E1666E3CA00CED715 /* IQXMLWriter.h in Headers */,
				FFB0290F1666E3CC00CED715 /* IQObjectFactory.h in Headers */,
				FFFCFAAA1B19D8B400418EC9 /* IQStreamObjectTokenizer.h in Headers */,
			);
			runOnlyForDeploymentPostprocessing = 0;
		};
/* End PBXHeadersBuildPhase section */

/* Begin PBXNativeTarget section */
		FF466DB11B2D74FA00B5740E /* IQSerialization - iOS */ = {
			isa = PBXNativeTarget;
			buildConfigurationList = FF466DC91B2D74FA00B5740E /* Build configuration list for PBXNativeTarget "IQSerialization - iOS" */;
			buildPhases = (
				FF466DAD1B2D74FA00B5740E /* Sources */,
				FF466DAE1B2D74FA00B5740E /* Frameworks */,
				FF466DAF1B2D74FA00B5740E /* Headers */,
				FF466DB01B2D74FA00B5740E /* Resources */,
			);
			buildRules = (
			);
			dependencies = (
			);
			name = "IQSerialization - iOS";
			productName = IQSerialization;
			productReference = FF466DB21B2D74FA00B5740E /* IQSerialization.framework */;
			productType = "com.apple.product-type.framework";
		};
		FF9D9F24163F1A3D002A9272 /* Tests - OSX */ = {
			isa = PBXNativeTarget;
			buildConfigurationList = FF9D9F32163F1A3D002A9272 /* Build configuration list for PBXNativeTarget "Tests - OSX" */;
			buildPhases = (
				FF9D9F27163F1A3D002A9272 /* Sources */,
				FF9D9F2A163F1A3D002A9272 /* Frameworks */,
				FF9D9F2F163F1A3D002A9272 /* Resources */,
				FF9D9F31163F1A3D002A9272 /* ShellScript */,
			);
			buildRules = (
			);
			dependencies = (
				FFB0294E1666EA0400CED715 /* PBXTargetDependency */,
			);
			name = "Tests - OSX";
			productName = IQSerializationTests;
			productReference = FF9D9F35163F1A3D002A9272 /* Tests_OSX.xctest */;
			productType = "com.apple.product-type.bundle.unit-test";
		};
		FFB028911666DA5300CED715 /* IQSerialization - OSX */ = {
			isa = PBXNativeTarget;
			buildConfigurationList = FFB028A31666DA5300CED715 /* Build configuration list for PBXNativeTarget "IQSerialization - OSX" */;
			buildPhases = (
				FFB0288D1666DA5300CED715 /* Sources */,
				FFB0288E1666DA5300CED715 /* Frameworks */,
				FFB0288F1666DA5300CED715 /* Headers */,
				FFB028901666DA5300CED715 /* Resources */,
			);
			buildRules = (
			);
			dependencies = (
			);
			name = "IQSerialization - OSX";
			productName = IQSerialization;
			productReference = FFB028921666DA5300CED715 /* IQSerialization.framework */;
			productType = "com.apple.product-type.framework";
		};
		FFB188B31B28380F00A63B60 /* Tests - iOS */ = {
			isa = PBXNativeTarget;
			buildConfigurationList = FFB188BD1B28380F00A63B60 /* Build configuration list for PBXNativeTarget "Tests - iOS" */;
			buildPhases = (
				FFB188B01B28380F00A63B60 /* Sources */,
				FFB188B11B28380F00A63B60 /* Frameworks */,
				FFB188B21B28380F00A63B60 /* Resources */,
			);
			buildRules = (
			);
			dependencies = (
			);
			name = "Tests - iOS";
			productName = "Tests - iOS";
			productReference = FFB188B41B28380F00A63B60 /* Tests - iOS.xctest */;
			productType = "com.apple.product-type.bundle.unit-test";
		};
/* End PBXNativeTarget section */

/* Begin PBXProject section */
		FF9D9E4E1639D803002A9272 /* Project object */ = {
			isa = PBXProject;
			attributes = {
				LastUpgradeCheck = 0630;
				ORGANIZATIONNAME = EvolvIQ;
				TargetAttributes = {
					FF466DB11B2D74FA00B5740E = {
						CreatedOnToolsVersion = 6.3.2;
					};
					FFB188B31B28380F00A63B60 = {
						CreatedOnToolsVersion = 6.3.2;
					};
				};
			};
			buildConfigurationList = FF9D9E511639D803002A9272 /* Build configuration list for PBXProject "IQSerialization" */;
			compatibilityVersion = "Xcode 3.2";
			developmentRegion = English;
			hasScannedForEncodings = 0;
			knownRegions = (
				en,
			);
			mainGroup = FF9D9E4C1639D803002A9272;
			productRefGroup = FF9D9E581639D803002A9272 /* Products */;
			projectDirPath = "";
			projectRoot = "";
			targets = (
				FFB028EA1666E00C00CED715 /* IQSerialization - Universal */,
				FFB028911666DA5300CED715 /* IQSerialization - OSX */,
				FF9D9F24163F1A3D002A9272 /* Tests - OSX */,
				FFB188B31B28380F00A63B60 /* Tests - iOS */,
				FF466DB11B2D74FA00B5740E /* IQSerialization - iOS */,
			);
		};
/* End PBXProject section */

/* Begin PBXResourcesBuildPhase section */
		FF466DB01B2D74FA00B5740E /* Resources */ = {
			isa = PBXResourcesBuildPhase;
			buildActionMask = 2147483647;
			files = (
			);
			runOnlyForDeploymentPostprocessing = 0;
		};
		FF9D9F2F163F1A3D002A9272 /* Resources */ = {
			isa = PBXResourcesBuildPhase;
			buildActionMask = 2147483647;
			files = (
			);
			runOnlyForDeploymentPostprocessing = 0;
		};
		FFB028901666DA5300CED715 /* Resources */ = {
			isa = PBXResourcesBuildPhase;
			buildActionMask = 2147483647;
			files = (
			);
			runOnlyForDeploymentPostprocessing = 0;
		};
		FFB188B21B28380F00A63B60 /* Resources */ = {
			isa = PBXResourcesBuildPhase;
			buildActionMask = 2147483647;
			files = (
			);
			runOnlyForDeploymentPostprocessing = 0;
		};
/* End PBXResourcesBuildPhase section */

/* Begin PBXShellScriptBuildPhase section */
		FF9D9F31163F1A3D002A9272 /* ShellScript */ = {
			isa = PBXShellScriptBuildPhase;
			buildActionMask = 2147483647;
			files = (
			);
			inputPaths = (
			);
			outputPaths = (
			);
			runOnlyForDeploymentPostprocessing = 0;
			shellPath = /bin/sh;
			shellScript = "# Run the unit tests in this test bundle.\n\"${SYSTEM_DEVELOPER_DIR}/Tools/RunUnitTests\"\n";
		};
		FFB029081666E2DD00CED715 /* ShellScript */ = {
			isa = PBXShellScriptBuildPhase;
			buildActionMask = 2147483647;
			files = (
			);
			inputPaths = (
			);
			outputPaths = (
				"$(BUILD_ROOT)/$(CONFIGURATION)-universal/IQSerialization.framework",
			);
			runOnlyForDeploymentPostprocessing = 0;
			shellPath = /bin/sh;
			shellScript = "# Sets the target folders and the final framework product.\nFMK_NAME=IQSerialization\nTARGET_NAME=\"IQSerialization - iOS\"\n\n# Install dir will be the final output to the framework.\n# The following line create it in the root folder of the current project.\n_TARGET_DIR=${BUILD_ROOT}/${CONFIGURATION}-universal\nINSTALL_DIR=${_TARGET_DIR}/${FMK_NAME}.framework\n\n# Working dir will be deleted after the framework creation.\nDEVICE_DIR=${CONFIGURATION_BUILD_DIR}/../${CONFIGURATION}-iphoneos\nSIMULATOR_DIR=${CONFIGURATION_BUILD_DIR}/../${CONFIGURATION}-iphonesimulator\n\n# Building both architectures.\necho Building device\nxcodebuild -configuration \"${CONFIGURATION}\" -target \"${TARGET_NAME}\" -sdk iphoneos CONFIGURATION_BUILD_DIR=${DEVICE_DIR}\necho Building sim\nxcodebuild -configuration \"${CONFIGURATION}\" -target \"${TARGET_NAME}\" -sdk iphonesimulator CONFIGURATION_BUILD_DIR=${SIMULATOR_DIR}\n\n# Cleaning the oldest.\nif [ -d \"${INSTALL_DIR}\" ]; then\nrm -rf \"${INSTALL_DIR}\"\nfi\n\n# Creates and renews the final product folder.\nmkdir -p \"${INSTALL_DIR}\"\n\n# Copies the headers and resources files to the final product folder.\ncp -R \"${DEVICE_DIR}/${FMK_NAME}.framework/Headers\" \"${INSTALL_DIR}/\"\n\n# Uses the Lipo Tool to merge both binary files (i386 + armv6/armv7) into one Universal final product.\nlipo -create \"${DEVICE_DIR}/${FMK_NAME}.framework/${FMK_NAME}\" \"${SIMULATOR_DIR}/${FMK_NAME}.framework/${FMK_NAME}\" -output \"${INSTALL_DIR}/${FMK_NAME}\"\n\n";
		};
/* End PBXShellScriptBuildPhase section */

/* Begin PBXSourcesBuildPhase section */
		FF466DAD1B2D74FA00B5740E /* Sources */ = {
			isa = PBXSourcesBuildPhase;
			buildActionMask = 2147483647;
			files = (
				FF466DE41B2D75E600B5740E /* yajl_alloc.c in Sources */,
				FF466DDC1B2D759900B5740E /* IQXMLWriter.m in Sources */,
				FF466DCE1B2D759900B5740E /* IQSerialization.m in Sources */,
				FF466DD41B2D759900B5740E /* NSData+Base64.m in Sources */,
				FF466DEA1B2D75FA00B5740E /* yajl_tree.c in Sources */,
				FF466DE71B2D75EF00B5740E /* yajl_gen.c in Sources */,
				FF466DE61B2D75EC00B5740E /* yajl_encode.c in Sources */,
				FF466DDE1B2D759900B5740E /* IQObjectFactory.m in Sources */,
				FF466DE81B2D75F400B5740E /* yajl_lex.c in Sources */,
				FF466DD21B2D759900B5740E /* IQStreamObjectTokenizer.m in Sources */,
				FF466DD61B2D759900B5740E /* IQSerialization+JSON.m in Sources */,
				FF466DE31B2D75D200B5740E /* splitstream.c in Sources */,
				FF466DE11B2D75D200B5740E /* splitstream_json.c in Sources */,
				FF466DDA1B2D759900B5740E /* IQSerialization+UBJSON.m in Sources */,
				FF466DD81B2D759900B5740E /* IQSerialization+XMLRPC.m in Sources */,
				FF466DEB1B2D75FD00B5740E /* yajl.c in Sources */,
				FF466DE21B2D75D200B5740E /* splitstream_xml.c in Sources */,
				FF466DD01B2D759900B5740E /* IQSerialization+Tokenization.m in Sources */,
				FF466DE91B2D75F700B5740E /* yajl_parser.c in Sources */,
				FF466DE51B2D75EA00B5740E /* yajl_buf.c in Sources */,
			);
			runOnlyForDeploymentPostprocessing = 0;
		};
		FF9D9F27163F1A3D002A9272 /* Sources */ = {
			isa = PBXSourcesBuildPhase;
			buildActionMask = 2147483647;
			files = (
				FFFCFAB11B19E5EE00418EC9 /* IQUBJSONSerializationTests.m in Sources */,
				FFFCFA031B190AB300418EC9 /* MyTestClass.m in Sources */,
				FF9D9F28163F1A3D002A9272 /* IQJSONSerializationTests.m in Sources */,
				FF9D9F29163F1A3D002A9272 /* IQXMLRPCSerializationTests.m in Sources */,
				FFFCF9FF1B1907E400418EC9 /* PerformanceTests.m in Sources */,
				FFD77E8516471CC400597D70 /* Base64Tests.m in Sources */,
				FFFCFAAE1B19E48D00418EC9 /* TokenizerTests.m in Sources */,
			);
			runOnlyForDeploymentPostprocessing = 0;
		};
		FFB0288D1666DA5300CED715 /* Sources */ = {
			isa = PBXSourcesBuildPhase;
			buildActionMask = 2147483647;
			files = (
				FF0284691B1B29F800297499 /* splitstream_json.c in Sources */,
				FFB028A61666DBC200CED715 /* IQObjectFactory.m in Sources */,
				FF02846B1B1B29F800297499 /* splitstream_xml.c in Sources */,
				FFB028A71666DBC500CED715 /* IQXMLWriter.m in Sources */,
				FFB028A81666DBCA00CED715 /* IQSerialization+UBJSON.m in Sources */,
				FFB028A91666DBCF00CED715 /* IQSerialization.m in Sources */,
				FFB028AA1666DBCF00CED715 /* NSData+Base64.m in Sources */,
				FFB028AB1666DBCF00CED715 /* IQSerialization+JSON.m in Sources */,
				FFFCFAB71B19EABA00418EC9 /* IQSerialization+Tokenization.m in Sources */,
				FFB028AC1666DBCF00CED715 /* IQSerialization+XMLRPC.m in Sources */,
				FFB028AD1666DCAA00CED715 /* yajl_alloc.c in Sources */,
				FFB028AE1666DCAA00CED715 /* yajl_buf.c in Sources */,
				FFB028AF1666DCB000CED715 /* yajl_encode.c in Sources */,
				FFB028B01666DCB000CED715 /* yajl_gen.c in Sources */,
				FFB028B11666DCB000CED715 /* yajl_lex.c in Sources */,
				FFFCFAAB1B19E37400418EC9 /* IQStreamObjectTokenizer.m in Sources */,
				FFB028B21666DCB000CED715 /* yajl_parser.c in Sources */,
				FFB028B31666DCB000CED715 /* yajl_tree.c in Sources */,
				FF02846D1B1B29F800297499 /* splitstream.c in Sources */,
				FFB028B41666DCB000CED715 /* yajl.c in Sources */,
			);
			runOnlyForDeploymentPostprocessing = 0;
		};
		FFB188B01B28380F00A63B60 /* Sources */ = {
			isa = PBXSourcesBuildPhase;
			buildActionMask = 2147483647;
			files = (
				FFB188C21B28382800A63B60 /* IQXMLRPCSerializationTests.m in Sources */,
				FFB188C51B28382800A63B60 /* TokenizerTests.m in Sources */,
				FFB188C11B28382800A63B60 /* IQJSONSerializationTests.m in Sources */,
				FFB188C01B28382800A63B60 /* MyTestClass.m in Sources */,
				FFB188C41B28382800A63B60 /* PerformanceTests.m in Sources */,
				FFB188C31B28382800A63B60 /* IQUBJSONSerializationTests.m in Sources */,
				FFB188C61B28382800A63B60 /* Base64Tests.m in Sources */,
			);
			runOnlyForDeploymentPostprocessing = 0;
		};
/* End PBXSourcesBuildPhase section */

/* Begin PBXTargetDependency section */
		FFB0294E1666EA0400CED715 /* PBXTargetDependency */ = {
			isa = PBXTargetDependency;
			target = FFB028911666DA5300CED715 /* IQSerialization - OSX */;
			targetProxy = FFB0294D1666EA0400CED715 /* PBXContainerItemProxy */;
		};
/* End PBXTargetDependency section */

/* Begin XCBuildConfiguration section */
		FF466DC51B2D74FA00B5740E /* Debug */ = {
			isa = XCBuildConfiguration;
			buildSettings = {
				CLANG_ENABLE_MODULES = YES;
				CLANG_WARN_DIRECT_OBJC_ISA_USAGE = YES_ERROR;
				CLANG_WARN_OBJC_ROOT_CLASS = YES_ERROR;
				"CODE_SIGN_IDENTITY[sdk=iphoneos*]" = "iPhone Developer";
				CURRENT_PROJECT_VERSION = 1;
				DEBUG_INFORMATION_FORMAT = "dwarf-with-dsym";
				DEFINES_MODULE = YES;
				DYLIB_COMPATIBILITY_VERSION = 1;
				DYLIB_CURRENT_VERSION = 1;
				DYLIB_INSTALL_NAME_BASE = "@rpath";
				ENABLE_STRICT_OBJC_MSGSEND = YES;
				GCC_NO_COMMON_BLOCKS = YES;
				GCC_PREPROCESSOR_DEFINITIONS = (
					"DEBUG=1",
					"$(inherited)",
				);
				GCC_WARN_UNDECLARED_SELECTOR = YES;
				INFOPLIST_FILE = "IQSerialization/IQSerialization-Info.plist";
				INSTALL_PATH = "$(LOCAL_LIBRARY_DIR)/Frameworks";
				LD_RUNPATH_SEARCH_PATHS = "$(inherited) @executable_path/Frameworks @loader_path/Frameworks";
				MACH_O_TYPE = staticlib;
				MTL_ENABLE_DEBUG_INFO = YES;
				PRODUCT_NAME = IQSerialization;
				SKIP_INSTALL = YES;
				TARGETED_DEVICE_FAMILY = "1,2";
				VERSIONING_SYSTEM = "apple-generic";
				VERSION_INFO_PREFIX = "";
			};
			name = Debug;
		};
		FF466DC61B2D74FA00B5740E /* Release */ = {
			isa = XCBuildConfiguration;
			buildSettings = {
				CLANG_ENABLE_MODULES = YES;
				CLANG_WARN_DIRECT_OBJC_ISA_USAGE = YES_ERROR;
				CLANG_WARN_OBJC_ROOT_CLASS = YES_ERROR;
				"CODE_SIGN_IDENTITY[sdk=iphoneos*]" = "iPhone Developer";
				COPY_PHASE_STRIP = NO;
				CURRENT_PROJECT_VERSION = 1;
				DEBUG_INFORMATION_FORMAT = "dwarf-with-dsym";
				DEFINES_MODULE = YES;
				DYLIB_COMPATIBILITY_VERSION = 1;
				DYLIB_CURRENT_VERSION = 1;
				DYLIB_INSTALL_NAME_BASE = "@rpath";
				ENABLE_NS_ASSERTIONS = NO;
				ENABLE_STRICT_OBJC_MSGSEND = YES;
				GCC_NO_COMMON_BLOCKS = YES;
				GCC_WARN_UNDECLARED_SELECTOR = YES;
				INFOPLIST_FILE = "IQSerialization/IQSerialization-Info.plist";
				INSTALL_PATH = "$(LOCAL_LIBRARY_DIR)/Frameworks";
				LD_RUNPATH_SEARCH_PATHS = "$(inherited) @executable_path/Frameworks @loader_path/Frameworks";
				MACH_O_TYPE = staticlib;
				MTL_ENABLE_DEBUG_INFO = NO;
				PRODUCT_NAME = IQSerialization;
				SKIP_INSTALL = YES;
				TARGETED_DEVICE_FAMILY = "1,2";
				VERSIONING_SYSTEM = "apple-generic";
				VERSION_INFO_PREFIX = "";
			};
			name = Release;
		};
		FF9D9E7A1639D803002A9272 /* Debug */ = {
			isa = XCBuildConfiguration;
			buildSettings = {
				ALWAYS_SEARCH_USER_PATHS = YES;
				CLANG_CXX_LANGUAGE_STANDARD = "gnu++0x";
				CLANG_CXX_LIBRARY = "libc++";
				CLANG_ENABLE_OBJC_ARC = YES;
				CLANG_WARN_EMPTY_BODY = YES;
				CLANG_WARN__DUPLICATE_METHOD_MATCH = YES;
				COPY_PHASE_STRIP = NO;
				GCC_C_LANGUAGE_STANDARD = gnu99;
				GCC_DYNAMIC_NO_PIC = NO;
				GCC_OPTIMIZATION_LEVEL = 0;
				GCC_PREPROCESSOR_DEFINITIONS = (
					"DEBUG=1",
					"$(inherited)",
				);
				GCC_SYMBOLS_PRIVATE_EXTERN = NO;
				GCC_TREAT_WARNINGS_AS_ERRORS = YES;
				GCC_WARN_64_TO_32_BIT_CONVERSION = NO;
				GCC_WARN_ABOUT_RETURN_TYPE = YES;
				GCC_WARN_UNINITIALIZED_AUTOS = YES;
				GCC_WARN_UNUSED_VARIABLE = YES;
				IPHONEOS_DEPLOYMENT_TARGET = 5.1;
				MACOSX_DEPLOYMENT_TARGET = 10.7;
				ONLY_ACTIVE_ARCH = YES;
				SDKROOT = iphoneos;
				USER_HEADER_SEARCH_PATHS = "Contrib/**";
			};
			name = Debug;
		};
		FF9D9E7B1639D803002A9272 /* Release */ = {
			isa = XCBuildConfiguration;
			buildSettings = {
				ALWAYS_SEARCH_USER_PATHS = YES;
				CLANG_CXX_LANGUAGE_STANDARD = "gnu++0x";
				CLANG_CXX_LIBRARY = "libc++";
				CLANG_ENABLE_OBJC_ARC = YES;
				CLANG_WARN_EMPTY_BODY = YES;
				CLANG_WARN__DUPLICATE_METHOD_MATCH = YES;
				COPY_PHASE_STRIP = YES;
				GCC_C_LANGUAGE_STANDARD = gnu99;
				GCC_TREAT_WARNINGS_AS_ERRORS = YES;
				GCC_WARN_64_TO_32_BIT_CONVERSION = NO;
				GCC_WARN_ABOUT_RETURN_TYPE = YES;
				GCC_WARN_UNINITIALIZED_AUTOS = YES;
				GCC_WARN_UNUSED_VARIABLE = YES;
				IPHONEOS_DEPLOYMENT_TARGET = 5.1;
				MACOSX_DEPLOYMENT_TARGET = 10.7;
				SDKROOT = iphoneos;
				USER_HEADER_SEARCH_PATHS = "Contrib/**";
				VALIDATE_PRODUCT = YES;
			};
			name = Release;
		};
		FF9D9F33163F1A3D002A9272 /* Debug */ = {
			isa = XCBuildConfiguration;
			buildSettings = {
				COMBINE_HIDPI_IMAGES = YES;
				GCC_INSTRUMENT_PROGRAM_FLOW_ARCS = YES;
				INFOPLIST_FILE = "IQSerializationTests/IQSerializationTests-Info.plist";
				OTHER_LDFLAGS = "-ObjC";
				PRODUCT_NAME = Tests_OSX;
				SDKROOT = macosx;
			};
			name = Debug;
		};
		FF9D9F34163F1A3D002A9272 /* Release */ = {
			isa = XCBuildConfiguration;
			buildSettings = {
				COMBINE_HIDPI_IMAGES = YES;
				GCC_INSTRUMENT_PROGRAM_FLOW_ARCS = YES;
				INFOPLIST_FILE = "IQSerializationTests/IQSerializationTests-Info.plist";
				OTHER_LDFLAGS = "-ObjC";
				PRODUCT_NAME = Tests_OSX;
				SDKROOT = macosx;
			};
			name = Release;
		};
		FFB028A41666DA5300CED715 /* Debug */ = {
			isa = XCBuildConfiguration;
			buildSettings = {
				COMBINE_HIDPI_IMAGES = YES;
				DYLIB_COMPATIBILITY_VERSION = 1;
				DYLIB_CURRENT_VERSION = 1;
				FRAMEWORK_SEARCH_PATHS = (
					"$(inherited)",
					"\"$(SYSTEM_APPS_DIR)/Xcode.app/Contents/Developer/Library/Frameworks\"",
				);
				GCC_ENABLE_OBJC_EXCEPTIONS = YES;
				INFOPLIST_FILE = "IQSerialization/IQSerialization-Info.plist";
				OTHER_LDFLAGS = "-ObjC";
				PRODUCT_NAME = IQSerialization;
				SDKROOT = macosx;
				WRAPPER_EXTENSION = framework;
			};
			name = Debug;
		};
		FFB028A51666DA5300CED715 /* Release */ = {
			isa = XCBuildConfiguration;
			buildSettings = {
				COMBINE_HIDPI_IMAGES = YES;
				DYLIB_COMPATIBILITY_VERSION = 1;
				DYLIB_CURRENT_VERSION = 1;
				FRAMEWORK_SEARCH_PATHS = (
					"$(inherited)",
					"\"$(SYSTEM_APPS_DIR)/Xcode.app/Contents/Developer/Library/Frameworks\"",
				);
				GCC_ENABLE_OBJC_EXCEPTIONS = YES;
				INFOPLIST_FILE = "IQSerialization/IQSerialization-Info.plist";
				OTHER_LDFLAGS = "-ObjC";
				PRODUCT_NAME = IQSerialization;
				SDKROOT = macosx;
				WRAPPER_EXTENSION = framework;
			};
			name = Release;
		};
		FFB028EB1666E00C00CED715 /* Debug */ = {
			isa = XCBuildConfiguration;
			buildSettings = {
				PRODUCT_NAME = IQSerialization;
			};
			name = Debug;
		};
		FFB028EC1666E00C00CED715 /* Release */ = {
			isa = XCBuildConfiguration;
			buildSettings = {
				PRODUCT_NAME = IQSerialization;
			};
			name = Release;
		};
		FFB188BE1B28380F00A63B60 /* Debug */ = {
			isa = XCBuildConfiguration;
			buildSettings = {
				ALWAYS_SEARCH_USER_PATHS = NO;
				CLANG_ENABLE_MODULES = YES;
				CLANG_WARN_BOOL_CONVERSION = YES;
				CLANG_WARN_CONSTANT_CONVERSION = YES;
				CLANG_WARN_DIRECT_OBJC_ISA_USAGE = YES_ERROR;
				CLANG_WARN_ENUM_CONVERSION = YES;
				CLANG_WARN_INT_CONVERSION = YES;
				CLANG_WARN_OBJC_ROOT_CLASS = YES_ERROR;
				CLANG_WARN_UNREACHABLE_CODE = YES;
				DEBUG_INFORMATION_FORMAT = "dwarf-with-dsym";
				ENABLE_STRICT_OBJC_MSGSEND = YES;
				FRAMEWORK_SEARCH_PATHS = (
					"$(SDKROOT)/Developer/Library/Frameworks",
					"$(inherited)",
				);
				GCC_NO_COMMON_BLOCKS = YES;
				GCC_PREPROCESSOR_DEFINITIONS = (
					"DEBUG=1",
					"$(inherited)",
				);
				GCC_WARN_64_TO_32_BIT_CONVERSION = YES;
				GCC_WARN_ABOUT_RETURN_TYPE = YES_ERROR;
				GCC_WARN_UNDECLARED_SELECTOR = YES;
				GCC_WARN_UNINITIALIZED_AUTOS = YES_AGGRESSIVE;
				GCC_WARN_UNUSED_FUNCTION = YES;
				INFOPLIST_FILE = "IQSerializationTests/IQSerializationTests-Info.plist";
				IPHONEOS_DEPLOYMENT_TARGET = 8.3;
				LD_RUNPATH_SEARCH_PATHS = "$(inherited) @executable_path/Frameworks @loader_path/Frameworks";
				MTL_ENABLE_DEBUG_INFO = YES;
				OTHER_LDFLAGS = (
					"$(inherited)",
					"-framework",
					XCTest,
					"-ObjC",
				);
				PRODUCT_NAME = "$(TARGET_NAME)";
			};
			name = Debug;
		};
		FFB188BF1B28380F00A63B60 /* Release */ = {
			isa = XCBuildConfiguration;
			buildSettings = {
				ALWAYS_SEARCH_USER_PATHS = NO;
				CLANG_ENABLE_MODULES = YES;
				CLANG_WARN_BOOL_CONVERSION = YES;
				CLANG_WARN_CONSTANT_CONVERSION = YES;
				CLANG_WARN_DIRECT_OBJC_ISA_USAGE = YES_ERROR;
				CLANG_WARN_ENUM_CONVERSION = YES;
				CLANG_WARN_INT_CONVERSION = YES;
				CLANG_WARN_OBJC_ROOT_CLASS = YES_ERROR;
				CLANG_WARN_UNREACHABLE_CODE = YES;
				COPY_PHASE_STRIP = NO;
				DEBUG_INFORMATION_FORMAT = "dwarf-with-dsym";
				ENABLE_NS_ASSERTIONS = NO;
				ENABLE_STRICT_OBJC_MSGSEND = YES;
				FRAMEWORK_SEARCH_PATHS = (
					"$(SDKROOT)/Developer/Library/Frameworks",
					"$(inherited)",
				);
				GCC_NO_COMMON_BLOCKS = YES;
				GCC_WARN_64_TO_32_BIT_CONVERSION = YES;
				GCC_WARN_ABOUT_RETURN_TYPE = YES_ERROR;
				GCC_WARN_UNDECLARED_SELECTOR = YES;
				GCC_WARN_UNINITIALIZED_AUTOS = YES_AGGRESSIVE;
				GCC_WARN_UNUSED_FUNCTION = YES;
				INFOPLIST_FILE = "IQSerializationTests/IQSerializationTests-Info.plist";
				IPHONEOS_DEPLOYMENT_TARGET = 8.3;
				LD_RUNPATH_SEARCH_PATHS = "$(inherited) @executable_path/Frameworks @loader_path/Frameworks";
				MTL_ENABLE_DEBUG_INFO = NO;
				OTHER_LDFLAGS = (
					"$(inherited)",
					"-framework",
					XCTest,
					"-ObjC",
				);
				PRODUCT_NAME = "$(TARGET_NAME)";
			};
			name = Release;
		};
/* End XCBuildConfiguration section */

/* Begin XCConfigurationList section */
		FF466DC91B2D74FA00B5740E /* Build configuration list for PBXNativeTarget "IQSerialization - iOS" */ = {
			isa = XCConfigurationList;
			buildConfigurations = (
				FF466DC51B2D74FA00B5740E /* Debug */,
				FF466DC61B2D74FA00B5740E /* Release */,
			);
			defaultConfigurationIsVisible = 0;
			defaultConfigurationName = Release;
		};
		FF9D9E511639D803002A9272 /* Build configuration list for PBXProject "IQSerialization" */ = {
			isa = XCConfigurationList;
			buildConfigurations = (
				FF9D9E7A1639D803002A9272 /* Debug */,
				FF9D9E7B1639D803002A9272 /* Release */,
			);
			defaultConfigurationIsVisible = 0;
			defaultConfigurationName = Release;
		};
		FF9D9F32163F1A3D002A9272 /* Build configuration list for PBXNativeTarget "Tests - OSX" */ = {
			isa = XCConfigurationList;
			buildConfigurations = (
				FF9D9F33163F1A3D002A9272 /* Debug */,
				FF9D9F34163F1A3D002A9272 /* Release */,
			);
			defaultConfigurationIsVisible = 0;
			defaultConfigurationName = Release;
		};
		FFB028A31666DA5300CED715 /* Build configuration list for PBXNativeTarget "IQSerialization - OSX" */ = {
			isa = XCConfigurationList;
			buildConfigurations = (
				FFB028A41666DA5300CED715 /* Debug */,
				FFB028A51666DA5300CED715 /* Release */,
			);
			defaultConfigurationIsVisible = 0;
			defaultConfigurationName = Release;
		};
		FFB028ED1666E00C00CED715 /* Build configuration list for PBXAggregateTarget "IQSerialization - Universal" */ = {
			isa = XCConfigurationList;
			buildConfigurations = (
				FFB028EB1666E00C00CED715 /* Debug */,
				FFB028EC1666E00C00CED715 /* Release */,
			);
			defaultConfigurationIsVisible = 0;
			defaultConfigurationName = Release;
		};
		FFB188BD1B28380F00A63B60 /* Build configuration list for PBXNativeTarget "Tests - iOS" */ = {
			isa = XCConfigurationList;
			buildConfigurations = (
				FFB188BE1B28380F00A63B60 /* Debug */,
				FFB188BF1B28380F00A63B60 /* Release */,
			);
			defaultConfigurationIsVisible = 0;
			defaultConfigurationName = Release;
		};
/* End XCConfigurationList section */
	};
	rootObject = FF9D9E4E1639D803002A9272 /* Project object */;
}
